schema: 1
bumped_at: '2026-09-19T13:21:35+09:00'
central_commit: edfb6df77c86775c7995f6266a5777e603379c99
generator: build_writing_views.py
views:
  blog-ja:
    view: config/agents/blog-author-jp.writing-style.seed.md
    seed_version: '2026-09-16'
    sha256: 05a9fecb463cb82e61288b5bb81746fdf544a7c611ecea1885ec5dede41ae36c
