schema: 1
bumped_at: '2026-10-02T17:23:23+09:00'
central_commit: 0d8f4921185641d4e9cec88c9703efb53e06edd2
generator: build_writing_views.py
views:
  blog-ja:
    view: config/agents/blog-author-jp.writing-style.seed.md
    seed_version: '2026-09-16'
    sha256: 128ddcf86dba4db04cc9b9587b001f519c0d5120f2fab5c761c969a5017baa18
