schema: 1
bumped_at: '2026-09-30T15:14:10+09:00'
central_commit: 55450926bf33f6be7c2984fe61420b1c36e58bf8
generator: config/agents/registry.json
views:
  haskell-coding-style:
    view: config/agents/haskell.coding-style.seed.md
    seed_version: '2026-09-28'
    sha256: f79bf706762a75da667c2ed6adb3c309680ef327b682ee329b10743150785638
  python-coding-style:
    view: config/agents/python.coding-style.seed.md
    seed_version: '2026-09-27'
    sha256: 82986d4cb2bec8641364b71c39d8f52ef01d05034ee84198ac5de8699a8a6704
